
Microsoft Visual Studio Solution File, Format Version 12.00
# Visual Studio Version 17
VisualStudioVersion = 17.9.34728.123
MinimumVisualStudioVersion = 10.0.40219.1
Project("{FAE04EC0-301F-11D3-BF4B-00C04F79EFBC}") = "SE1726_Group6_A1", "SE1726_Group6_A1\SE1726_Group6_A1.csproj", "{86FB7D90-DDD6-4631-8DF3-C45EF054622C}"
EndProject
Global
	GlobalSection(SolutionConfigurationPlatforms) = preSolution
		Debug|Any CPU = Debug|Any CPU
		Release|Any CPU = Release|Any CPU
	EndGlobalSection
	GlobalSection(ProjectConfigurationPlatforms) = postSolution
		{86FB7D90-DDD6-4631-8DF3-C45EF054622C}.Debug|Any CPU.ActiveCfg = Debug|Any CPU
		{86FB7D90-DDD6-4631-8DF3-C45EF054622C}.Debug|Any CPU.Build.0 = Debug|Any CPU
		{86FB7D90-DDD6-4631-8DF3-C45EF054622C}.Release|Any CPU.ActiveCfg = Release|Any CPU
		{86FB7D90-DDD6-4631-8DF3-C45EF054622C}.Release|Any CPU.Build.0 = Release|Any CPU
	EndGlobalSection
	GlobalSection(SolutionProperties) = preSolution
		HideSolutionNode = FALSE
	EndGlobalSection
	GlobalSection(ExtensibilityGlobals) = postSolution
		SolutionGuid = {7C90E9E6-6A7D-4CB9-B8E9-1D544155F80B}
	EndGlobalSection
EndGlobal
